
Microsoft Visual Studio Solution File, Format Version 11.00
# Visual Studio 2010
Project("{FAE04EC0-301F-11D3-BF4B-00C04F79EFBC}") = "Assembly-CSharp", "Assembly-CSharp.csproj", "{6f1c929e-4343-711f-760d-9a5c7e3d401a}"
EndProject
Project("{FAE04EC0-301F-11D3-BF4B-00C04F79EFBC}") = "Assembly-CSharp-Editor", "Assembly-CSharp-Editor.csproj", "{cdf2cf05-6317-5690-a422-fa6bebe365e8}"
EndProject
Global
	GlobalSection(SolutionConfigurationPlatforms) = preSolution
		Debug|Any CPU = Debug|Any CPU
	EndGlobalSection
	GlobalSection(ProjectConfigurationPlatforms) = postSolution
		{6f1c929e-4343-711f-760d-9a5c7e3d401a}.Debug|Any CPU.ActiveCfg = Debug|Any CPU
		{6f1c929e-4343-711f-760d-9a5c7e3d401a}.Debug|Any CPU.Build.0 = Debug|Any CPU
		{cdf2cf05-6317-5690-a422-fa6bebe365e8}.Debug|Any CPU.ActiveCfg = Debug|Any CPU
		{cdf2cf05-6317-5690-a422-fa6bebe365e8}.Debug|Any CPU.Build.0 = Debug|Any CPU
	EndGlobalSection
	GlobalSection(SolutionProperties) = preSolution
		HideSolutionNode = FALSE
	EndGlobalSection
EndGlobal
